
Microsoft Visual Studio Solution File, Format Version 12.00
# Visual Studio Version 16
VisualStudioVersion = 16.0.30503.244
MinimumVisualStudioVersion = 10.0.40219.1
Project("{FAE04EC0-301F-11D3-BF4B-00C04F79EFBC}") = "001_First_Program", "001_First_Program\001_First_Program.csproj", "{03AE62D5-8BD3-406A-A8AE-9EAC060FF2C4}"
EndProject
Global
	GlobalSection(SolutionConfigurationPlatforms) = preSolution
		Debug|Any CPU = Debug|Any CPU
		Release|Any CPU = Release|Any CPU
	EndGlobalSection
	GlobalSection(ProjectConfigurationPlatforms) = postSolution
		{03AE62D5-8BD3-406A-A8AE-9EAC060FF2C4}.Debug|Any CPU.ActiveCfg = Debug|Any CPU
		{03AE62D5-8BD3-406A-A8AE-9EAC060FF2C4}.Debug|Any CPU.Build.0 = Debug|Any CPU
		{03AE62D5-8BD3-406A-A8AE-9EAC060FF2C4}.Release|Any CPU.ActiveCfg = Release|Any CPU
		{03AE62D5-8BD3-406A-A8AE-9EAC060FF2C4}.Release|Any CPU.Build.0 = Release|Any CPU
	EndGlobalSection
	GlobalSection(SolutionProperties) = preSolution
		HideSolutionNode = FALSE
	EndGlobalSection
	GlobalSection(ExtensibilityGlobals) = postSolution
		SolutionGuid = {96BD1ED8-FBFD-4B3F-BA24-44A884D34E20}
	EndGlobalSection
EndGlobal
