
Microsoft Visual Studio Solution File, Format Version 12.00
# Visual Studio Version 16
VisualStudioVersion = 16.0.30503.244
MinimumVisualStudioVersion = 10.0.40219.1
Project("{FAE04EC0-301F-11D3-BF4B-00C04F79EFBC}") = "008_Comment_II", "008_Comment_II\008_Comment_II.csproj", "{3A0846D5-79B6-47C2-AF61-402756844C69}"
EndProject
Global
	GlobalSection(SolutionConfigurationPlatforms) = preSolution
		Debug|Any CPU = Debug|Any CPU
		Release|Any CPU = Release|Any CPU
	EndGlobalSection
	GlobalSection(ProjectConfigurationPlatforms) = postSolution
		{3A0846D5-79B6-47C2-AF61-402756844C69}.Debug|Any CPU.ActiveCfg = Debug|Any CPU
		{3A0846D5-79B6-47C2-AF61-402756844C69}.Debug|Any CPU.Build.0 = Debug|Any CPU
		{3A0846D5-79B6-47C2-AF61-402756844C69}.Release|Any CPU.ActiveCfg = Release|Any CPU
		{3A0846D5-79B6-47C2-AF61-402756844C69}.Release|Any CPU.Build.0 = Release|Any CPU
	EndGlobalSection
	GlobalSection(SolutionProperties) = preSolution
		HideSolutionNode = FALSE
	EndGlobalSection
	GlobalSection(ExtensibilityGlobals) = postSolution
		SolutionGuid = {D83066E1-6F3F-451F-8202-98E238C58AE3}
	EndGlobalSection
EndGlobal
