
Microsoft Visual Studio Solution File, Format Version 12.00
# Visual Studio Version 16
VisualStudioVersion = 16.0.30503.244
MinimumVisualStudioVersion = 10.0.40219.1
Project("{FAE04EC0-301F-11D3-BF4B-00C04F79EFBC}") = "006_Convert", "006_Convert\006_Convert.csproj", "{D4BC75E4-620A-45AC-B589-CCD3E7E3A77C}"
EndProject
Global
	GlobalSection(SolutionConfigurationPlatforms) = preSolution
		Debug|Any CPU = Debug|Any CPU
		Release|Any CPU = Release|Any CPU
	EndGlobalSection
	GlobalSection(ProjectConfigurationPlatforms) = postSolution
		{D4BC75E4-620A-45AC-B589-CCD3E7E3A77C}.Debug|Any CPU.ActiveCfg = Debug|Any CPU
		{D4BC75E4-620A-45AC-B589-CCD3E7E3A77C}.Debug|Any CPU.Build.0 = Debug|Any CPU
		{D4BC75E4-620A-45AC-B589-CCD3E7E3A77C}.Release|Any CPU.ActiveCfg = Release|Any CPU
		{D4BC75E4-620A-45AC-B589-CCD3E7E3A77C}.Release|Any CPU.Build.0 = Release|Any CPU
	EndGlobalSection
	GlobalSection(SolutionProperties) = preSolution
		HideSolutionNode = FALSE
	EndGlobalSection
	GlobalSection(ExtensibilityGlobals) = postSolution
		SolutionGuid = {8E30E243-F640-41EE-85D3-BAA7E057F3BE}
	EndGlobalSection
EndGlobal
