
Microsoft Visual Studio Solution File, Format Version 12.00
# Visual Studio Version 16
VisualStudioVersion = 16.0.30503.244
MinimumVisualStudioVersion = 10.0.40219.1
Project("{FAE04EC0-301F-11D3-BF4B-00C04F79EFBC}") = "044_the_while_loop_VI", "044_the_while_loop_VI\044_the_while_loop_VI.csproj", "{F2BF8F99-9A4F-483E-A93E-66EB92CC3DEB}"
EndProject
Global
	GlobalSection(SolutionConfigurationPlatforms) = preSolution
		Debug|Any CPU = Debug|Any CPU
		Release|Any CPU = Release|Any CPU
	EndGlobalSection
	GlobalSection(ProjectConfigurationPlatforms) = postSolution
		{F2BF8F99-9A4F-483E-A93E-66EB92CC3DEB}.Debug|Any CPU.ActiveCfg = Debug|Any CPU
		{F2BF8F99-9A4F-483E-A93E-66EB92CC3DEB}.Debug|Any CPU.Build.0 = Debug|Any CPU
		{F2BF8F99-9A4F-483E-A93E-66EB92CC3DEB}.Release|Any CPU.ActiveCfg = Release|Any CPU
		{F2BF8F99-9A4F-483E-A93E-66EB92CC3DEB}.Release|Any CPU.Build.0 = Release|Any CPU
	EndGlobalSection
	GlobalSection(SolutionProperties) = preSolution
		HideSolutionNode = FALSE
	EndGlobalSection
	GlobalSection(ExtensibilityGlobals) = postSolution
		SolutionGuid = {837F495D-BB95-4A43-92BC-FA9921F5093D}
	EndGlobalSection
EndGlobal
