
Microsoft Visual Studio Solution File, Format Version 12.00
# Visual Studio Version 16
VisualStudioVersion = 16.0.30503.244
MinimumVisualStudioVersion = 10.0.40219.1
Project("{FAE04EC0-301F-11D3-BF4B-00C04F79EFBC}") = "007_Comment", "007_Comment\007_Comment.csproj", "{92340C85-B5DA-44FF-819A-566CCEC3EC4E}"
EndProject
Global
	GlobalSection(SolutionConfigurationPlatforms) = preSolution
		Debug|Any CPU = Debug|Any CPU
		Release|Any CPU = Release|Any CPU
	EndGlobalSection
	GlobalSection(ProjectConfigurationPlatforms) = postSolution
		{92340C85-B5DA-44FF-819A-566CCEC3EC4E}.Debug|Any CPU.ActiveCfg = Debug|Any CPU
		{92340C85-B5DA-44FF-819A-566CCEC3EC4E}.Debug|Any CPU.Build.0 = Debug|Any CPU
		{92340C85-B5DA-44FF-819A-566CCEC3EC4E}.Release|Any CPU.ActiveCfg = Release|Any CPU
		{92340C85-B5DA-44FF-819A-566CCEC3EC4E}.Release|Any CPU.Build.0 = Release|Any CPU
	EndGlobalSection
	GlobalSection(SolutionProperties) = preSolution
		HideSolutionNode = FALSE
	EndGlobalSection
	GlobalSection(ExtensibilityGlobals) = postSolution
		SolutionGuid = {7010A68F-3A6F-4C2E-93CF-8EAAE8D9F6BD}
	EndGlobalSection
EndGlobal
