
Microsoft Visual Studio Solution File, Format Version 12.00
# Visual Studio Version 16
VisualStudioVersion = 16.0.30503.244
MinimumVisualStudioVersion = 10.0.40219.1
Project("{FAE04EC0-301F-11D3-BF4B-00C04F79EFBC}") = "035_The_if-else_if_statement", "035_The_if-else_if_statement\035_The_if-else_if_statement.csproj", "{C448DC5B-FEC5-4C2A-BC31-A39FD93EDA52}"
EndProject
Global
	GlobalSection(SolutionConfigurationPlatforms) = preSolution
		Debug|Any CPU = Debug|Any CPU
		Release|Any CPU = Release|Any CPU
	EndGlobalSection
	GlobalSection(ProjectConfigurationPlatforms) = postSolution
		{C448DC5B-FEC5-4C2A-BC31-A39FD93EDA52}.Debug|Any CPU.ActiveCfg = Debug|Any CPU
		{C448DC5B-FEC5-4C2A-BC31-A39FD93EDA52}.Debug|Any CPU.Build.0 = Debug|Any CPU
		{C448DC5B-FEC5-4C2A-BC31-A39FD93EDA52}.Release|Any CPU.ActiveCfg = Release|Any CPU
		{C448DC5B-FEC5-4C2A-BC31-A39FD93EDA52}.Release|Any CPU.Build.0 = Release|Any CPU
	EndGlobalSection
	GlobalSection(SolutionProperties) = preSolution
		HideSolutionNode = FALSE
	EndGlobalSection
	GlobalSection(ExtensibilityGlobals) = postSolution
		SolutionGuid = {A9BA5F1D-F6F6-42F3-ABBB-1A4273556FB6}
	EndGlobalSection
EndGlobal
