
Microsoft Visual Studio Solution File, Format Version 12.00
# Visual Studio Version 16
VisualStudioVersion = 16.0.30503.244
MinimumVisualStudioVersion = 10.0.40219.1
Project("{FAE04EC0-301F-11D3-BF4B-00C04F79EFBC}") = "024_postfix_decrement", "024_postfix_decrement\024_postfix_decrement.csproj", "{B3BBC722-FE6F-4AE6-B6C8-4E2BE3778577}"
EndProject
Global
	GlobalSection(SolutionConfigurationPlatforms) = preSolution
		Debug|Any CPU = Debug|Any CPU
		Release|Any CPU = Release|Any CPU
	EndGlobalSection
	GlobalSection(ProjectConfigurationPlatforms) = postSolution
		{B3BBC722-FE6F-4AE6-B6C8-4E2BE3778577}.Debug|Any CPU.ActiveCfg = Debug|Any CPU
		{B3BBC722-FE6F-4AE6-B6C8-4E2BE3778577}.Debug|Any CPU.Build.0 = Debug|Any CPU
		{B3BBC722-FE6F-4AE6-B6C8-4E2BE3778577}.Release|Any CPU.ActiveCfg = Release|Any CPU
		{B3BBC722-FE6F-4AE6-B6C8-4E2BE3778577}.Release|Any CPU.Build.0 = Release|Any CPU
	EndGlobalSection
	GlobalSection(SolutionProperties) = preSolution
		HideSolutionNode = FALSE
	EndGlobalSection
	GlobalSection(ExtensibilityGlobals) = postSolution
		SolutionGuid = {B2340458-E676-4FDB-8DF3-FBEE3B7286D3}
	EndGlobalSection
EndGlobal
