
Microsoft Visual Studio Solution File, Format Version 12.00
# Visual Studio Version 16
VisualStudioVersion = 16.0.30503.244
MinimumVisualStudioVersion = 10.0.40219.1
Project("{FAE04EC0-301F-11D3-BF4B-00C04F79EFBC}") = "009_Multi-Line_Comments", "009_Multi-Line_Comments\009_Multi-Line_Comments.csproj", "{A2D944AA-635D-4F76-BD46-1E54B63A22B5}"
EndProject
Global
	GlobalSection(SolutionConfigurationPlatforms) = preSolution
		Debug|Any CPU = Debug|Any CPU
		Release|Any CPU = Release|Any CPU
	EndGlobalSection
	GlobalSection(ProjectConfigurationPlatforms) = postSolution
		{A2D944AA-635D-4F76-BD46-1E54B63A22B5}.Debug|Any CPU.ActiveCfg = Debug|Any CPU
		{A2D944AA-635D-4F76-BD46-1E54B63A22B5}.Debug|Any CPU.Build.0 = Debug|Any CPU
		{A2D944AA-635D-4F76-BD46-1E54B63A22B5}.Release|Any CPU.ActiveCfg = Release|Any CPU
		{A2D944AA-635D-4F76-BD46-1E54B63A22B5}.Release|Any CPU.Build.0 = Release|Any CPU
	EndGlobalSection
	GlobalSection(SolutionProperties) = preSolution
		HideSolutionNode = FALSE
	EndGlobalSection
	GlobalSection(ExtensibilityGlobals) = postSolution
		SolutionGuid = {753BDC2A-627C-4417-86FC-52A5143BA240}
	EndGlobalSection
EndGlobal
