
Microsoft Visual Studio Solution File, Format Version 12.00
# Visual Studio Version 16
VisualStudioVersion = 16.0.30503.244
MinimumVisualStudioVersion = 10.0.40219.1
Project("{FAE04EC0-301F-11D3-BF4B-00C04F79EFBC}") = "019_Assignment Operators_II", "019_Assignment Operators_II\019_Assignment Operators_II.csproj", "{A6007E51-D2D5-4C9F-956E-C107EE5C451B}"
EndProject
Global
	GlobalSection(SolutionConfigurationPlatforms) = preSolution
		Debug|Any CPU = Debug|Any CPU
		Release|Any CPU = Release|Any CPU
	EndGlobalSection
	GlobalSection(ProjectConfigurationPlatforms) = postSolution
		{A6007E51-D2D5-4C9F-956E-C107EE5C451B}.Debug|Any CPU.ActiveCfg = Debug|Any CPU
		{A6007E51-D2D5-4C9F-956E-C107EE5C451B}.Debug|Any CPU.Build.0 = Debug|Any CPU
		{A6007E51-D2D5-4C9F-956E-C107EE5C451B}.Release|Any CPU.ActiveCfg = Release|Any CPU
		{A6007E51-D2D5-4C9F-956E-C107EE5C451B}.Release|Any CPU.Build.0 = Release|Any CPU
	EndGlobalSection
	GlobalSection(SolutionProperties) = preSolution
		HideSolutionNode = FALSE
	EndGlobalSection
	GlobalSection(ExtensibilityGlobals) = postSolution
		SolutionGuid = {CF82A26D-C907-4B9A-9F26-0BA6834E0D1B}
	EndGlobalSection
EndGlobal
