
Microsoft Visual Studio Solution File, Format Version 12.00
# Visual Studio Version 16
VisualStudioVersion = 16.0.30503.244
MinimumVisualStudioVersion = 10.0.40219.1
Project("{FAE04EC0-301F-11D3-BF4B-00C04F79EFBC}") = "046_the_for_loop_II", "046_the_for_loop_II\046_the_for_loop_II.csproj", "{55558A85-F757-49B0-B213-B4B6D19B5BDC}"
EndProject
Global
	GlobalSection(SolutionConfigurationPlatforms) = preSolution
		Debug|Any CPU = Debug|Any CPU
		Release|Any CPU = Release|Any CPU
	EndGlobalSection
	GlobalSection(ProjectConfigurationPlatforms) = postSolution
		{55558A85-F757-49B0-B213-B4B6D19B5BDC}.Debug|Any CPU.ActiveCfg = Debug|Any CPU
		{55558A85-F757-49B0-B213-B4B6D19B5BDC}.Debug|Any CPU.Build.0 = Debug|Any CPU
		{55558A85-F757-49B0-B213-B4B6D19B5BDC}.Release|Any CPU.ActiveCfg = Release|Any CPU
		{55558A85-F757-49B0-B213-B4B6D19B5BDC}.Release|Any CPU.Build.0 = Release|Any CPU
	EndGlobalSection
	GlobalSection(SolutionProperties) = preSolution
		HideSolutionNode = FALSE
	EndGlobalSection
	GlobalSection(ExtensibilityGlobals) = postSolution
		SolutionGuid = {7902402C-CB96-4AAE-B0DB-252A0DC260A9}
	EndGlobalSection
EndGlobal
