
Microsoft Visual Studio Solution File, Format Version 12.00
# Visual Studio Version 16
VisualStudioVersion = 16.0.30503.244
MinimumVisualStudioVersion = 10.0.40219.1
Project("{FAE04EC0-301F-11D3-BF4B-00C04F79EFBC}") = "043_the_while_loop_V", "043_the_while_loop_V\043_the_while_loop_V.csproj", "{87D44923-1CBD-4E0A-9ABE-882E2E4A625E}"
EndProject
Global
	GlobalSection(SolutionConfigurationPlatforms) = preSolution
		Debug|Any CPU = Debug|Any CPU
		Release|Any CPU = Release|Any CPU
	EndGlobalSection
	GlobalSection(ProjectConfigurationPlatforms) = postSolution
		{87D44923-1CBD-4E0A-9ABE-882E2E4A625E}.Debug|Any CPU.ActiveCfg = Debug|Any CPU
		{87D44923-1CBD-4E0A-9ABE-882E2E4A625E}.Debug|Any CPU.Build.0 = Debug|Any CPU
		{87D44923-1CBD-4E0A-9ABE-882E2E4A625E}.Release|Any CPU.ActiveCfg = Release|Any CPU
		{87D44923-1CBD-4E0A-9ABE-882E2E4A625E}.Release|Any CPU.Build.0 = Release|Any CPU
	EndGlobalSection
	GlobalSection(SolutionProperties) = preSolution
		HideSolutionNode = FALSE
	EndGlobalSection
	GlobalSection(ExtensibilityGlobals) = postSolution
		SolutionGuid = {FABEA606-CC9C-4E7B-A1AF-75C0691FF9D0}
	EndGlobalSection
EndGlobal
