
Microsoft Visual Studio Solution File, Format Version 12.00
# Visual Studio Version 16
VisualStudioVersion = 16.0.30503.244
MinimumVisualStudioVersion = 10.0.40219.1
Project("{FAE04EC0-301F-11D3-BF4B-00C04F79EFBC}") = "027_The_if_statement", "027_The_if_statement\027_The_if_statement.csproj", "{DF3F14EE-2256-4CFF-9589-86F55F6A9500}"
EndProject
Global
	GlobalSection(SolutionConfigurationPlatforms) = preSolution
		Debug|Any CPU = Debug|Any CPU
		Release|Any CPU = Release|Any CPU
	EndGlobalSection
	GlobalSection(ProjectConfigurationPlatforms) = postSolution
		{DF3F14EE-2256-4CFF-9589-86F55F6A9500}.Debug|Any CPU.ActiveCfg = Debug|Any CPU
		{DF3F14EE-2256-4CFF-9589-86F55F6A9500}.Debug|Any CPU.Build.0 = Debug|Any CPU
		{DF3F14EE-2256-4CFF-9589-86F55F6A9500}.Release|Any CPU.ActiveCfg = Release|Any CPU
		{DF3F14EE-2256-4CFF-9589-86F55F6A9500}.Release|Any CPU.Build.0 = Release|Any CPU
	EndGlobalSection
	GlobalSection(SolutionProperties) = preSolution
		HideSolutionNode = FALSE
	EndGlobalSection
	GlobalSection(ExtensibilityGlobals) = postSolution
		SolutionGuid = {31893386-6E2F-4BE9-86B9-65973286E8C4}
	EndGlobalSection
EndGlobal
