
Microsoft Visual Studio Solution File, Format Version 12.00
# Visual Studio Version 16
VisualStudioVersion = 16.0.30503.244
MinimumVisualStudioVersion = 10.0.40219.1
Project("{FAE04EC0-301F-11D3-BF4B-00C04F79EFBC}") = "031_the_else_clause", "031_the_else_clause\031_the_else_clause.csproj", "{4C48F029-20CC-40CE-A18A-8DACDD65B1BD}"
EndProject
Global
	GlobalSection(SolutionConfigurationPlatforms) = preSolution
		Debug|Any CPU = Debug|Any CPU
		Release|Any CPU = Release|Any CPU
	EndGlobalSection
	GlobalSection(ProjectConfigurationPlatforms) = postSolution
		{4C48F029-20CC-40CE-A18A-8DACDD65B1BD}.Debug|Any CPU.ActiveCfg = Debug|Any CPU
		{4C48F029-20CC-40CE-A18A-8DACDD65B1BD}.Debug|Any CPU.Build.0 = Debug|Any CPU
		{4C48F029-20CC-40CE-A18A-8DACDD65B1BD}.Release|Any CPU.ActiveCfg = Release|Any CPU
		{4C48F029-20CC-40CE-A18A-8DACDD65B1BD}.Release|Any CPU.Build.0 = Release|Any CPU
	EndGlobalSection
	GlobalSection(SolutionProperties) = preSolution
		HideSolutionNode = FALSE
	EndGlobalSection
	GlobalSection(ExtensibilityGlobals) = postSolution
		SolutionGuid = {06F0FB57-F0E4-4883-9FA2-2D95C4D5CBA4}
	EndGlobalSection
EndGlobal
