
Microsoft Visual Studio Solution File, Format Version 12.00
# Visual Studio Version 16
VisualStudioVersion = 16.0.30503.244
MinimumVisualStudioVersion = 10.0.40219.1
Project("{FAE04EC0-301F-11D3-BF4B-00C04F79EFBC}") = "002_int", "002_int\002_int.csproj", "{3FD92213-2D9A-45DE-9C4E-95948E258718}"
EndProject
Global
	GlobalSection(SolutionConfigurationPlatforms) = preSolution
		Debug|Any CPU = Debug|Any CPU
		Release|Any CPU = Release|Any CPU
	EndGlobalSection
	GlobalSection(ProjectConfigurationPlatforms) = postSolution
		{3FD92213-2D9A-45DE-9C4E-95948E258718}.Debug|Any CPU.ActiveCfg = Debug|Any CPU
		{3FD92213-2D9A-45DE-9C4E-95948E258718}.Debug|Any CPU.Build.0 = Debug|Any CPU
		{3FD92213-2D9A-45DE-9C4E-95948E258718}.Release|Any CPU.ActiveCfg = Release|Any CPU
		{3FD92213-2D9A-45DE-9C4E-95948E258718}.Release|Any CPU.Build.0 = Release|Any CPU
	EndGlobalSection
	GlobalSection(SolutionProperties) = preSolution
		HideSolutionNode = FALSE
	EndGlobalSection
	GlobalSection(ExtensibilityGlobals) = postSolution
		SolutionGuid = {ECE184F0-1DA5-4CCD-A974-323FCCDDEFF0}
	EndGlobalSection
EndGlobal
